schema: '2.0'
stages:
  format:
    cmd: mirrorverse_upload_facts -t elevation -f ../../import/elevation/elevation.csv
      -o status.json
    deps:
    - path: ../../../mirrorverse/warehouse/commands.py
      hash: md5
      md5: 23af4d1ca228185b4d3bf51c8cecee46
      size: 2921
    - path: ../../../mirrorverse/warehouse/etls/dimensions/spatial.py
      hash: md5
      md5: 7a45fc171b186899fbdd9262a436b0fe
      size: 2506
    - path: ../../../mirrorverse/warehouse/etls/facts/elevation.py
      hash: md5
      md5: 88a2f1e84fc4bf9d96a9e0d0533c41dd
      size: 620
    - path: ../../../mirrorverse/warehouse/models/facts.py
      hash: md5
      md5: 51079819524cebe2ee84af14cd591cd3
      size: 2333
    - path: ../../../mirrorverse/warehouse/utils.py
      hash: md5
      md5: f9578063005fd9df9f998a720cbc9339
      size: 811
    - path: ../../import/elevation/elevation.csv
      hash: md5
      md5: a12b8a4cf259ad5918635b89dc9301d4
      size: 780100
    params:
      params.yaml:
        raw_data: ../../import/elevation/elevation.csv
    outs:
    - path: status.json
      hash: md5
      md5: 44b3263f8eebeec3f801477db01c1b2a
      size: 54
  enumerate_missing_dimensions:
    cmd: mirrorverse_enumerate_missing_dimensions -t elevation -o missing_dimensions.json
    deps:
    - path: ../../../mirrorverse/warehouse/etls/missing_dimensions.py
      hash: md5
      md5: eac6c00ab1ae4da5367a809f07d7f76f
      size: 4344
    - path: ../../../mirrorverse/warehouse/models/dimensions.py
      hash: md5
      md5: be45b815c87e3430b95dd03e3e1f7766
      size: 2033
    - path: ../../../mirrorverse/warehouse/models/facts.py
      hash: md5
      md5: 51079819524cebe2ee84af14cd591cd3
      size: 2333
    - path: ../../../mirrorverse/warehouse/utils.py
      hash: md5
      md5: f9578063005fd9df9f998a720cbc9339
      size: 811
    - path: status.json
      hash: md5
      md5: 44b3263f8eebeec3f801477db01c1b2a
      size: 54
    outs:
    - path: missing_dimensions.json
      hash: md5
      md5: ae0938429ce082c0e6762eaa156a745f
      size: 26
