schema: '2.0'
stages:
  states:
    cmd: chinook_monthly_states -d ../data/tag_tracks.csv -c ../data/context.csv -o
      .  -r 3 -ts 1
    deps:
    - path: ../../../mirrorverse/chinook/utils.py
      hash: md5
      md5: 98b3c577b04810412ae1287fefaff2a5
      size: 1906
    - path: ../../../mirrorverse/chinook_monthly/states.py
      hash: md5
      md5: 92eabe7113bf7f579c00c13e1780ba88
      size: 2315
    - path: ../data/context.csv
      hash: md5
      md5: 02489ea16c9d726e85f406b34c4a9ddb
      size: 2042
    - path: ../data/tag_tracks.csv
      hash: md5
      md5: a2c11e27477300708f3feaf1be5a5543
      size: 325093
    params:
      params.yaml:
        context: ../data/context.csv
        data: ../data/tag_tracks.csv
        resolution: 3
    outs:
    - path: training_states.csv
      hash: md5
      md5: 440d4f48bc192c513e20e5d53f91bc04
      size: 9944
  simulate:
    cmd: chinook_monthly_simulate -d training_states.csv -t ../data/surface_temps.csv
      -e ../data/bathymetry.csv -m ../train/models.pkl -si simulation.csv -r 3
    deps:
    - path: ../../../mirrorverse/chinook_monthly/simulate.py
      hash: md5
      md5: b0f36799f91b3870cfe8a18abbc591e1
      size: 4010
    - path: ../../../mirrorverse/chinook_monthly/states.py
      hash: md5
      md5: 92eabe7113bf7f579c00c13e1780ba88
      size: 2315
    - path: ../data/bathymetry.csv
      hash: md5
      md5: 009f0c0129454d53218b4358abba345c
      size: 522273
    - path: ../data/surface_temps.csv
      hash: md5
      md5: e6fd742a220be751db011ba75dc26227
      size: 3847027
    - path: ../train/models.pkl
      hash: md5
      md5: 769d5ba2cd3b1d976aa6d0b1a36d4432
      size: 338663
    - path: training_states.csv
      hash: md5
      md5: 440d4f48bc192c513e20e5d53f91bc04
      size: 9944
    params:
      params.yaml:
        elevation: ../data/bathymetry.csv
        model: ../train/models.pkl
        resolution: 3
        temps: ../data/surface_temps.csv
    outs:
    - path: simulation.csv
      hash: md5
      md5: 751da4ff359ed15b2219f35bb643dd97
      size: 15196
