schema: '2.0'
stages:
  data:
    cmd: chinook_db -e ../data/bathymetry.csv -s ../data/surface_temps.csv -t ../data/tag_tracks.csv
      -c ../data/context.csv
    deps:
    - path: ../../../mirrorverse/chinook/db.py
      hash: md5
      md5: 398cc8de46cfa7d0721ec9f0bc6d3a77
      size: 2532
    params:
      params.yaml:
        context: ../data/context.csv
        data: ../data/tag_tracks.csv
        elevation: ../data/bathymetry.csv
        temps: ../data/surface_temps.csv
    outs:
    - path: ../data/bathymetry.csv
      hash: md5
      md5: 009f0c0129454d53218b4358abba345c
      size: 522273
    - path: ../data/context.csv
      hash: md5
      md5: 02489ea16c9d726e85f406b34c4a9ddb
      size: 2042
    - path: ../data/surface_temps.csv
      hash: md5
      md5: e6fd742a220be751db011ba75dc26227
      size: 3847027
    - path: ../data/tag_tracks.csv
      hash: md5
      md5: a2c11e27477300708f3feaf1be5a5543
      size: 325093
  states:
    cmd: chinook_monthly_states -d ../data/tag_tracks.csv -c ../data/context.csv -o
      .  -r 3 -ts 0.7
    deps:
    - path: ../../../mirrorverse/chinook/utils.py
      hash: md5
      md5: 98b3c577b04810412ae1287fefaff2a5
      size: 1906
    - path: ../../../mirrorverse/chinook_monthly/states.py
      hash: md5
      md5: 03147a7132e2f070fb4afe511a2f891c
      size: 2125
    - path: ../data/context.csv
      hash: md5
      md5: 02489ea16c9d726e85f406b34c4a9ddb
      size: 2042
    - path: ../data/tag_tracks.csv
      hash: md5
      md5: a2c11e27477300708f3feaf1be5a5543
      size: 325093
    params:
      params.yaml:
        context: ../data/context.csv
        data: ../data/tag_tracks.csv
        resolution: 3
        training_size: 0.7
    outs:
    - path: testing_states.csv
      hash: md5
      md5: 0018789686a2e82ff5d14bdd3a95612f
      size: 2941
    - path: training_states.csv
      hash: md5
      md5: a655601922248e28d7e6e8e7abeef090
      size: 6248
  train_drift_movement:
    cmd: chinook_monthly_train -n DriftMovementLeaf -tr training_states.csv -te testing_states.csv
      -t ../data/surface_temps.csv -e ../data/bathymetry.csv -m . -r 3
    deps:
    - path: ../../../mirrorverse/chinook_monthly/train.py
      hash: md5
      md5: 39850ff5a1c47e88eede256e14b35bce
      size: 2439
    - path: ../../../mirrorverse/chinook_monthly/tree/drift_movement.py
      hash: md5
      md5: 0f992d653e0750dac733f777942106de
      size: 6023
    - path: ../../../mirrorverse/tree.py
      hash: md5
      md5: c2478124c0aec761f032feabc10efb9e
      size: 9457
    - path: ../data/bathymetry.csv
      hash: md5
      md5: 009f0c0129454d53218b4358abba345c
      size: 522273
    - path: ../data/surface_temps.csv
      hash: md5
      md5: e6fd742a220be751db011ba75dc26227
      size: 3847027
    - path: testing_states.csv
      hash: md5
      md5: 0018789686a2e82ff5d14bdd3a95612f
      size: 2941
    - path: training_states.csv
      hash: md5
      md5: a655601922248e28d7e6e8e7abeef090
      size: 6248
    params:
      params.yaml:
        elevation: ../data/bathymetry.csv
        resolution: 3
        temps: ../data/surface_temps.csv
    outs:
    - path: DriftMovementLeaf.csv
      hash: md5
      md5: 14b2d15afcf408d166d669f8795eb5cb
      size: 3071357
    - path: DriftMovementLeaf.pkl
      hash: md5
      md5: 68552967a4c5d511ee9f6e3d031f8999
      size: 320235
  bundle_models:
    cmd: mirrorverse_bundle_models -m .
    deps:
    - path: DriftMovementLeaf.pkl
      hash: md5
      md5: 68552967a4c5d511ee9f6e3d031f8999
      size: 320235
    outs:
    - path: models.pkl
      hash: md5
      md5: bb517b027d60a07627231d1e43107cc5
      size: 320245
