schema: '2.0'
stages:
  states:
    cmd: chinook_states -d ../data/tag_tracks.csv -o .  -r 4 -mae 0.79 -mad 150 -ts
      0.7
    deps:
    - path: ../../../mirrorverse/chinook/states.py
      hash: md5
      md5: 612a4e938a6a02df9f5d87467fd5420e
      size: 9935
    - path: ../../../mirrorverse/chinook/utils.py
      hash: md5
      md5: 98b3c577b04810412ae1287fefaff2a5
      size: 1906
    - path: ../data/tag_tracks.csv
      hash: md5
      md5: a2c11e27477300708f3feaf1be5a5543
      size: 325093
    params:
      params.yaml:
        data: ../data/tag_tracks.csv
        max_allowable_error: 0.79
        min_allowable_distance: 150
        resolution: 4
        training_size: 0.7
    outs:
    - path: testing_states.csv
      hash: md5
      md5: ffde03b47149ab94cb87c0f2c4292e53
      size: 135904
    - path: training_states.csv
      hash: md5
      md5: b3d369a99753b02554a7764b376a87e9
      size: 271883
  train_drift_movement:
    cmd: chinook_train -n DriftMovementLeaf -tr training_states.csv -te testing_states.csv
      -t ../data/surface_temps.csv -e ../data/bathymetry.csv -m .
    deps:
    - path: ../../../mirrorverse/chinook/train.py
      hash: md5
      md5: f323336449e89604836a71d22313d5e1
      size: 2048
    - path: ../../../mirrorverse/chinook/tree/drift_movement.py
      hash: md5
      md5: 36b2104d4bd227e527c233d1b4af09a8
      size: 5051
    - path: ../../../mirrorverse/tree.py
      hash: md5
      md5: 6ec1e51cf6a6c627c919bf1cb853bd7a
      size: 8966
    - path: ../data/bathymetry.csv
      hash: md5
      md5: 009f0c0129454d53218b4358abba345c
      size: 522273
    - path: ../data/surface_temps.csv
      hash: md5
      md5: e6fd742a220be751db011ba75dc26227
      size: 3847027
    - path: testing_states.csv
      hash: md5
      md5: ffde03b47149ab94cb87c0f2c4292e53
      size: 135904
    - path: training_states.csv
      hash: md5
      md5: b3d369a99753b02554a7764b376a87e9
      size: 271883
    params:
      params.yaml:
        elevation: ../data/bathymetry.csv
        temps: ../data/surface_temps.csv
    outs:
    - path: DriftMovementLeaf.pkl
      hash: md5
      md5: a1fe951c4f5b26270f1d4f1a856f41a2
      size: 698683
  train_run_movement:
    cmd: chinook_train -n RunMovementLeaf -tr training_states.csv -te testing_states.csv
      -t ../data/surface_temps.csv -e ../data/bathymetry.csv -m .
    deps:
    - path: ../../../mirrorverse/chinook/train.py
      hash: md5
      md5: f323336449e89604836a71d22313d5e1
      size: 2048
    - path: ../../../mirrorverse/chinook/tree/run_movement.py
      hash: md5
      md5: 08423b4f65c2e756409b3ba93d8201da
      size: 5642
    - path: ../../../mirrorverse/tree.py
      hash: md5
      md5: 6ec1e51cf6a6c627c919bf1cb853bd7a
      size: 8966
    - path: ../data/bathymetry.csv
      hash: md5
      md5: 009f0c0129454d53218b4358abba345c
      size: 522273
    - path: ../data/surface_temps.csv
      hash: md5
      md5: e6fd742a220be751db011ba75dc26227
      size: 3847027
    - path: testing_states.csv
      hash: md5
      md5: ffde03b47149ab94cb87c0f2c4292e53
      size: 135904
    - path: training_states.csv
      hash: md5
      md5: b3d369a99753b02554a7764b376a87e9
      size: 271883
    params:
      params.yaml:
        elevation: ../data/bathymetry.csv
        temps: ../data/surface_temps.csv
    outs:
    - path: RunMovementLeaf.pkl
      hash: md5
      md5: 1d9668eac2c03d77387ca94f2767b3f1
      size: 423611
  train_run_heading:
    cmd: chinook_train -n RunHeadingBranch -tr training_states.csv -te testing_states.csv
      -t ../data/surface_temps.csv -e ../data/bathymetry.csv -m .
    deps:
    - path: ../../../mirrorverse/chinook/train.py
      hash: md5
      md5: f323336449e89604836a71d22313d5e1
      size: 2048
    - path: ../../../mirrorverse/chinook/tree/run_heading.py
      hash: md5
      md5: f15b0190ee972288abf33bdfd9ddda72
      size: 7264
    - path: ../../../mirrorverse/tree.py
      hash: md5
      md5: 6ec1e51cf6a6c627c919bf1cb853bd7a
      size: 8966
    - path: ../data/bathymetry.csv
      hash: md5
      md5: 009f0c0129454d53218b4358abba345c
      size: 522273
    - path: ../data/surface_temps.csv
      hash: md5
      md5: e6fd742a220be751db011ba75dc26227
      size: 3847027
    - path: testing_states.csv
      hash: md5
      md5: ffde03b47149ab94cb87c0f2c4292e53
      size: 135904
    - path: training_states.csv
      hash: md5
      md5: b3d369a99753b02554a7764b376a87e9
      size: 271883
    params:
      params.yaml:
        elevation: ../data/bathymetry.csv
        temps: ../data/surface_temps.csv
    outs:
    - path: RunHeadingBranch.pkl
      hash: md5
      md5: df09fb4c5b759e55a7c101d7b720a8b5
      size: 2389617
  train_run_or_drift:
    cmd: chinook_train -n RunOrDriftBranch -tr training_states.csv -te testing_states.csv
      -t ../data/surface_temps.csv -e ../data/bathymetry.csv -m .
    deps:
    - path: ../../../mirrorverse/chinook/train.py
      hash: md5
      md5: f323336449e89604836a71d22313d5e1
      size: 2048
    - path: ../../../mirrorverse/chinook/tree/run_or_drift.py
      hash: md5
      md5: e09db7464cba2681f6435966dfce6f6a
      size: 5181
    - path: ../../../mirrorverse/tree.py
      hash: md5
      md5: 6ec1e51cf6a6c627c919bf1cb853bd7a
      size: 8966
    - path: ../data/bathymetry.csv
      hash: md5
      md5: 009f0c0129454d53218b4358abba345c
      size: 522273
    - path: ../data/surface_temps.csv
      hash: md5
      md5: e6fd742a220be751db011ba75dc26227
      size: 3847027
    - path: testing_states.csv
      hash: md5
      md5: ffde03b47149ab94cb87c0f2c4292e53
      size: 135904
    - path: training_states.csv
      hash: md5
      md5: b3d369a99753b02554a7764b376a87e9
      size: 271883
    params:
      params.yaml:
        elevation: ../data/bathymetry.csv
        temps: ../data/surface_temps.csv
    outs:
    - path: RunOrDriftBranch.pkl
      hash: md5
      md5: a4cde58629f1c02c310972a838fe3a3b
      size: 209030
  bundle_models:
    cmd: mirrorverse_bundle_models -m .
    deps:
    - path: DriftMovementLeaf.pkl
      hash: md5
      md5: a1fe951c4f5b26270f1d4f1a856f41a2
      size: 698683
    - path: RunHeadingBranch.pkl
      hash: md5
      md5: df09fb4c5b759e55a7c101d7b720a8b5
      size: 2389617
    - path: RunMovementLeaf.pkl
      hash: md5
      md5: 1d9668eac2c03d77387ca94f2767b3f1
      size: 423611
    - path: RunOrDriftBranch.pkl
      hash: md5
      md5: a4cde58629f1c02c310972a838fe3a3b
      size: 209030
    outs:
    - path: models.pkl
      hash: md5
      md5: 530a618ef714370f32afc30c17129f73
      size: 3721441
  data:
    cmd: chinook_db -e ../data/bathymetry.csv -s ../data/surface_temps.csv -t ../data/tag_tracks.csv
    deps:
    - path: ../../../mirrorverse/chinook/db.py
      hash: md5
      md5: 3f022788adc4a0032224af2034f13b9e
      size: 1968
    params:
      params.yaml:
        data: ../data/tag_tracks.csv
        elevation: ../data/bathymetry.csv
        temps: ../data/surface_temps.csv
    outs:
    - path: ../data/bathymetry.csv
      hash: md5
      md5: 009f0c0129454d53218b4358abba345c
      size: 522273
    - path: ../data/surface_temps.csv
      hash: md5
      md5: e6fd742a220be751db011ba75dc26227
      size: 3847027
    - path: ../data/tag_tracks.csv
      hash: md5
      md5: a2c11e27477300708f3feaf1be5a5543
      size: 325093
