schema: '2.0'
stages:
  states:
    cmd: chinook_states -d ../data/tag_tracks.csv -o .  -r 4 -mae 0.79 -mad 150 -ts
      0.7
    deps:
    - path: ../../../mirrorverse/chinook/states.py
      hash: md5
      md5: 612a4e938a6a02df9f5d87467fd5420e
      size: 9935
    - path: ../../../mirrorverse/chinook/utils.py
      hash: md5
      md5: 98b3c577b04810412ae1287fefaff2a5
      size: 1906
    - path: ../data/tag_tracks.csv
      hash: md5
      md5: a2c11e27477300708f3feaf1be5a5543
      size: 325093
    params:
      params.yaml:
        data: ../data/tag_tracks.csv
        max_allowable_error: 0.79
        min_allowable_distance: 150
        resolution: 4
        training_size: 0.7
    outs:
    - path: testing_states.csv
      hash: md5
      md5: ffde03b47149ab94cb87c0f2c4292e53
      size: 135904
    - path: training_states.csv
      hash: md5
      md5: b3d369a99753b02554a7764b376a87e9
      size: 271883
  train_drift_movement:
    cmd: chinook_train -n DriftMovementLeaf -tr training_states.csv -te testing_states.csv
      -t ../data/surface_temps.csv -e ../data/bathymetry.csv -m .
    deps:
    - path: ../../../mirrorverse/chinook/train.py
      hash: md5
      md5: f323336449e89604836a71d22313d5e1
      size: 2048
    - path: ../../../mirrorverse/chinook/tree/drift_movement.py
      hash: md5
      md5: b7a20496d77ecf87fdc41f4f14c5a717
      size: 4885
    - path: ../../../mirrorverse/tree.py
      hash: md5
      md5: fc7f69d1d681232abe1a820999730d23
      size: 8189
    - path: ../data/bathymetry.csv
      hash: md5
      md5: 009f0c0129454d53218b4358abba345c
      size: 522273
    - path: ../data/surface_temps.csv
      hash: md5
      md5: e6fd742a220be751db011ba75dc26227
      size: 3847027
    - path: testing_states.csv
      hash: md5
      md5: ffde03b47149ab94cb87c0f2c4292e53
      size: 135904
    - path: training_states.csv
      hash: md5
      md5: b3d369a99753b02554a7764b376a87e9
      size: 271883
    params:
      params.yaml:
        elevation: ../data/bathymetry.csv
        temps: ../data/surface_temps.csv
    outs:
    - path: DriftMovementLeaf.pkl
      hash: md5
      md5: e66d161005e9df2045512891685d60f8
      size: 8472073
  train_run_movement:
    cmd: chinook_train -n RunMovementLeaf -tr training_states.csv -te testing_states.csv
      -t ../data/surface_temps.csv -e ../data/bathymetry.csv -m .
    deps:
    - path: ../../../mirrorverse/chinook/train.py
      hash: md5
      md5: f323336449e89604836a71d22313d5e1
      size: 2048
    - path: ../../../mirrorverse/chinook/tree/run_movement.py
      hash: md5
      md5: d00749ba7ee07cc777498ee6b38cd796
      size: 5318
    - path: ../../../mirrorverse/tree.py
      hash: md5
      md5: fc7f69d1d681232abe1a820999730d23
      size: 8189
    - path: ../data/bathymetry.csv
      hash: md5
      md5: 009f0c0129454d53218b4358abba345c
      size: 522273
    - path: ../data/surface_temps.csv
      hash: md5
      md5: e6fd742a220be751db011ba75dc26227
      size: 3847027
    - path: testing_states.csv
      hash: md5
      md5: ffde03b47149ab94cb87c0f2c4292e53
      size: 135904
    - path: training_states.csv
      hash: md5
      md5: b3d369a99753b02554a7764b376a87e9
      size: 271883
    params:
      params.yaml:
        elevation: ../data/bathymetry.csv
        temps: ../data/surface_temps.csv
    outs:
    - path: RunMovementLeaf.pkl
      hash: md5
      md5: 51fcfaa2653da7a445e224c57a7c48c5
      size: 544581
  train_run_heading:
    cmd: chinook_train -n RunHeadingBranch -tr training_states.csv -te testing_states.csv
      -t ../data/surface_temps.csv -e ../data/bathymetry.csv -m .
    deps:
    - path: ../../../mirrorverse/chinook/train.py
      hash: md5
      md5: f323336449e89604836a71d22313d5e1
      size: 2048
    - path: ../../../mirrorverse/chinook/tree/run_heading.py
      hash: md5
      md5: 3f1dfe1e33031d4b69f6adc6b2ccc0c8
      size: 7004
    - path: ../../../mirrorverse/tree.py
      hash: md5
      md5: fc7f69d1d681232abe1a820999730d23
      size: 8189
    - path: ../data/bathymetry.csv
      hash: md5
      md5: 009f0c0129454d53218b4358abba345c
      size: 522273
    - path: ../data/surface_temps.csv
      hash: md5
      md5: e6fd742a220be751db011ba75dc26227
      size: 3847027
    - path: testing_states.csv
      hash: md5
      md5: ffde03b47149ab94cb87c0f2c4292e53
      size: 135904
    - path: training_states.csv
      hash: md5
      md5: b3d369a99753b02554a7764b376a87e9
      size: 271883
    params:
      params.yaml:
        elevation: ../data/bathymetry.csv
        temps: ../data/surface_temps.csv
    outs:
    - path: RunHeadingBranch.pkl
      hash: md5
      md5: f8cd87594e540e854c8f29bbb967efb1
      size: 1292315
  train_run_or_drift:
    cmd: chinook_train -n RunOrDriftBranch -tr training_states.csv -te testing_states.csv
      -t ../data/surface_temps.csv -e ../data/bathymetry.csv -m .
    deps:
    - path: ../../../mirrorverse/chinook/train.py
      hash: md5
      md5: f323336449e89604836a71d22313d5e1
      size: 2048
    - path: ../../../mirrorverse/chinook/tree/run_or_drift.py
      hash: md5
      md5: f698e396d018ba910e26be333e7ffa6e
      size: 5195
    - path: ../../../mirrorverse/tree.py
      hash: md5
      md5: fc7f69d1d681232abe1a820999730d23
      size: 8189
    - path: ../data/bathymetry.csv
      hash: md5
      md5: 009f0c0129454d53218b4358abba345c
      size: 522273
    - path: ../data/surface_temps.csv
      hash: md5
      md5: e6fd742a220be751db011ba75dc26227
      size: 3847027
    - path: testing_states.csv
      hash: md5
      md5: ffde03b47149ab94cb87c0f2c4292e53
      size: 135904
    - path: training_states.csv
      hash: md5
      md5: b3d369a99753b02554a7764b376a87e9
      size: 271883
    params:
      params.yaml:
        elevation: ../data/bathymetry.csv
        temps: ../data/surface_temps.csv
    outs:
    - path: RunOrDriftBranch.pkl
      hash: md5
      md5: ce1532ab39c4fcbb983ad2c55d1c9124
      size: 192614
  bundle_models:
    cmd: mirrorverse_bundle_models -m .
    deps:
    - path: DriftMovementLeaf.pkl
      hash: md5
      md5: e66d161005e9df2045512891685d60f8
      size: 8472073
    - path: RunHeadingBranch.pkl
      hash: md5
      md5: f8cd87594e540e854c8f29bbb967efb1
      size: 1292315
    - path: RunMovementLeaf.pkl
      hash: md5
      md5: 51fcfaa2653da7a445e224c57a7c48c5
      size: 544581
    - path: RunOrDriftBranch.pkl
      hash: md5
      md5: ce1532ab39c4fcbb983ad2c55d1c9124
      size: 192614
    outs:
    - path: models.pkl
      hash: md5
      md5: 2b0841363a037c7207f5c0cc3c031148
      size: 10502092
  data:
    cmd: chinook_db -e ../data/bathymetry.csv -s ../data/surface_temps.csv -t ../data/tag_tracks.csv
    deps:
    - path: ../../../mirrorverse/chinook/db.py
      hash: md5
      md5: 3f022788adc4a0032224af2034f13b9e
      size: 1968
    params:
      params.yaml:
        data: ../data/tag_tracks.csv
        elevation: ../data/bathymetry.csv
        temps: ../data/surface_temps.csv
    outs:
    - path: ../data/bathymetry.csv
      hash: md5
      md5: 009f0c0129454d53218b4358abba345c
      size: 522273
    - path: ../data/surface_temps.csv
      hash: md5
      md5: e6fd742a220be751db011ba75dc26227
      size: 3847027
    - path: ../data/tag_tracks.csv
      hash: md5
      md5: a2c11e27477300708f3feaf1be5a5543
      size: 325093
