schema: '2.0'
stages:
  build:
    cmd: mirrorverse_upload_dimensions -t h3_level_4 -m ../tags/missing_dimensions.json
      -o status.json
    deps:
    - path: ../../../mirrorverse/warehouse/commands.py
      hash: md5
      md5: 23af4d1ca228185b4d3bf51c8cecee46
      size: 2921
    - path: ../../../mirrorverse/warehouse/etls/dimensions/spatial.py
      hash: md5
      md5: 7a45fc171b186899fbdd9262a436b0fe
      size: 2506
    - path: ../../../mirrorverse/warehouse/etls/missing_dimensions.py
      hash: md5
      md5: eac6c00ab1ae4da5367a809f07d7f76f
      size: 4344
    - path: ../../../mirrorverse/warehouse/models/dimensions.py
      hash: md5
      md5: be45b815c87e3430b95dd03e3e1f7766
      size: 2033
    - path: ../../../mirrorverse/warehouse/utils.py
      hash: md5
      md5: f9578063005fd9df9f998a720cbc9339
      size: 811
    - path: ../tags/missing_dimensions.json
      hash: md5
      md5: cde8d06e8423d24601be4bd785b34dc6
      size: 70
    params:
      params.yaml:
        missing_dimensions: ../tags/missing_dimensions.json
    outs:
    - path: status.json
      hash: md5
      md5: d766abd1ba285b0b0568f065f324ea67
      size: 54
