schema: '2.0'
stages:
  format:
    cmd: mirrorverse_upload_facts -t home_regions -f data/ALL_GSI_Broadscale_GSI_3.19.2024.csv
      -o status.json
    deps:
    - path: ../../../mirrorverse/warehouse/commands.py
      hash: md5
      md5: 23af4d1ca228185b4d3bf51c8cecee46
      size: 2921
    - path: ../../../mirrorverse/warehouse/etls/facts/tags.py
      hash: md5
      md5: 693b070cf7e98e46820bffe926314eb0
      size: 1429
    - path: ../../../mirrorverse/warehouse/models/facts.py
      hash: md5
      md5: 51079819524cebe2ee84af14cd591cd3
      size: 2333
    - path: ../../../mirrorverse/warehouse/utils.py
      hash: md5
      md5: f9578063005fd9df9f998a720cbc9339
      size: 811
    - path: data/ALL_GSI_Broadscale_GSI_3.19.2024.csv
      hash: md5
      md5: 2f8de940c884f2e3a4363f1473657913
      size: 4759
    params:
      params.yaml:
        raw_data: data/ALL_GSI_Broadscale_GSI_3.19.2024.csv
    outs:
    - path: status.json
      hash: md5
      md5: 10a43a309bf67db80987e6437b47200c
      size: 54
  enumerate_missing_dimensions:
    cmd: mirrorverse_enumerate_missing_dimensions -t home_regions -o missing_dimensions.json
    deps:
    - path: ../../../mirrorverse/warehouse/etls/missing_dimensions.py
      hash: md5
      md5: eac6c00ab1ae4da5367a809f07d7f76f
      size: 4344
    - path: ../../../mirrorverse/warehouse/models/dimensions.py
      hash: md5
      md5: be45b815c87e3430b95dd03e3e1f7766
      size: 2033
    - path: ../../../mirrorverse/warehouse/models/facts.py
      hash: md5
      md5: 51079819524cebe2ee84af14cd591cd3
      size: 2333
    - path: ../../../mirrorverse/warehouse/utils.py
      hash: md5
      md5: f9578063005fd9df9f998a720cbc9339
      size: 811
    - path: status.json
      hash: md5
      md5: 10a43a309bf67db80987e6437b47200c
      size: 54
    outs:
    - path: missing_dimensions.json
      hash: md5
      md5: 01d504ffadd62eab479a7a431b01943e
      size: 657
