schema: '2.0'
stages:
  states:
    cmd: chinook_states -d ../data/tag_tracks.csv -o .  -r 4 -mae 0.79 -mad 150 -ts
      1
    deps:
    - path: ../../../mirrorverse/chinook/states.py
      hash: md5
      md5: 612a4e938a6a02df9f5d87467fd5420e
      size: 9935
    - path: ../../../mirrorverse/chinook/utils.py
      hash: md5
      md5: 98b3c577b04810412ae1287fefaff2a5
      size: 1906
    - path: ../data/tag_tracks.csv
      hash: md5
      md5: a2c11e27477300708f3feaf1be5a5543
      size: 325093
    params:
      params.yaml:
        data: ../data/tag_tracks.csv
        max_allowable_error: 0.79
        min_allowable_distance: 150
        resolution: 4
    outs:
    - path: training_states.csv
      hash: md5
      md5: 30cf798cb80767c26bf04cd4cb24799e
      size: 407726
  simulate:
    cmd: chinook_simulate -d training_states.csv -t ../data/surface_temps.csv -e ../data/bathymetry.csv
      -m ../train/models.pkl -si simulation.csv
    deps:
    - path: ../../../mirrorverse/chinook/simulate.py
      hash: md5
      md5: 0ffd379b6cf4401ab7a446be6ad77a6b
      size: 3609
    - path: ../../../mirrorverse/chinook/states.py
      hash: md5
      md5: 612a4e938a6a02df9f5d87467fd5420e
      size: 9935
    - path: ../data/bathymetry.csv
      hash: md5
      md5: 009f0c0129454d53218b4358abba345c
      size: 522273
    - path: ../data/surface_temps.csv
      hash: md5
      md5: e6fd742a220be751db011ba75dc26227
      size: 3847027
    - path: ../train/models.pkl
      hash: md5
      md5: 504e1eb7d10b6418ef288d09becaa68e
      size: 1956565
    - path: training_states.csv
      hash: md5
      md5: 30cf798cb80767c26bf04cd4cb24799e
      size: 407726
    params:
      params.yaml:
        elevation: ../data/bathymetry.csv
        model: ../train/models.pkl
        temps: ../data/surface_temps.csv
    outs:
    - path: simulation.csv
      hash: md5
      md5: 8dde1d76b2fb4ed43b20b9aadb8698f9
      size: 735033
