schema: '2.0'
stages:
  states:
    cmd: chinook_states -d ../data/tag_tracks.csv -o .  -r 4 -mae 0.79 -mad 150 -ts
      1
    deps:
    - path: ../../../mirrorverse/chinook/states.py
      hash: md5
      md5: 4dd5dd388749c393fcbee2528e63502e
      size: 10214
    - path: ../../../mirrorverse/chinook/utils.py
      hash: md5
      md5: 98b3c577b04810412ae1287fefaff2a5
      size: 1906
    - path: ../data/tag_tracks.csv
      hash: md5
      md5: 4b45f19b5564abe0cad08559580034da
      size: 325173
    params:
      params.yaml:
        data: ../data/tag_tracks.csv
        max_allowable_error: 0.79
        min_allowable_distance: 150
        resolution: 4
    outs:
    - path: training_states.csv
      hash: md5
      md5: 30cf798cb80767c26bf04cd4cb24799e
      size: 407726
  simulate:
    cmd: chinook_simulate -d training_states.csv -t ../data/surface_temps.csv -e ../data/bathymetry.csv
      -m ../train/models.pkl -si simulation.csv
    deps:
    - path: ../../../mirrorverse/chinook/simulate.py
      hash: md5
      md5: 1cb29afa69f8dd5c5cff4fbb8469703e
      size: 3440
    - path: ../../../mirrorverse/chinook/states.py
      hash: md5
      md5: 4dd5dd388749c393fcbee2528e63502e
      size: 10214
    - path: ../data/bathymetry.csv
      hash: md5
      md5: cc85b68bea7980f10cb066f2002a5d14
      size: 524084
    - path: ../data/surface_temps.csv
      hash: md5
      md5: 2c3f8b885d1f1cae5fea697fd4941f94
      size: 18299215
    - path: ../train/models.pkl
      hash: md5
      md5: fd2f77e57fd5c2839bfaa2291b01f3f0
      size: 5143404
    - path: training_states.csv
      hash: md5
      md5: 30cf798cb80767c26bf04cd4cb24799e
      size: 407726
    params:
      params.yaml:
        elevation: ../data/bathymetry.csv
        model: ../train/models.pkl
        temps: ../data/surface_temps.csv
    outs:
    - path: simulation.csv
      hash: md5
      md5: db1946cd59f5007bab926560df3be204
      size: 675263
