schema: '2.0'
stages:
  states:
    cmd: mirrorverse_format -t cwt_recoveries -f data/recoveries.csv -o cwt_recoveries.csv
    deps:
    - path: ../../../mirrorverse/warehouse/commands.py
      hash: md5
      md5: 64608b6b024ca5e7015a46b5aedec529
      size: 730
    - path: ../../../mirrorverse/warehouse/etls/dimensions/dates.py
      hash: md5
      md5: cc9b5c4e8a9e9f597113ca114b40ac81
      size: 586
    - path: ../../../mirrorverse/warehouse/etls/facts/cwt.py
      hash: md5
      md5: a259cee542e9ea93eb12acdf5bb02fec
      size: 1229
    - path: ../../../mirrorverse/warehouse/models/facts.py
      hash: md5
      md5: 2240bb51cb875ab765d6b751a2ce877c
      size: 1138
    - path: data/recoveries.csv
      hash: md5
      md5: 2af13d58a8ac53a11e6930bef580806a
      size: 5928464
    params:
      params.yaml:
        raw_data: data/recoveries.csv
    outs:
    - path: cwt_recoveries.csv
      hash: md5
      md5: 582e2be9b4417ea5b259c3da8a066e60
      size: 1822188
  format:
    cmd: mirrorverse_upload_facts -t cwt_recoveries -f data/recoveries.csv -o status.json
    deps:
    - path: ../../../mirrorverse/warehouse/commands.py
      hash: md5
      md5: 70427888f8864f65e7c95d45a3e3d4a4
      size: 2566
    - path: ../../../mirrorverse/warehouse/etls/dimensions/dates.py
      hash: md5
      md5: 71a65b46bd7719a890cb7fbaa555ad6a
      size: 1172
    - path: ../../../mirrorverse/warehouse/etls/facts/cwt.py
      hash: md5
      md5: 8352c61deaf9d41e222194f810dc6271
      size: 1229
    - path: ../../../mirrorverse/warehouse/models/facts.py
      hash: md5
      md5: 2240bb51cb875ab765d6b751a2ce877c
      size: 1138
    - path: ../../../mirrorverse/warehouse/utils.py
      hash: md5
      md5: f9578063005fd9df9f998a720cbc9339
      size: 811
    - path: data/recoveries.csv
      hash: md5
      md5: 2af13d58a8ac53a11e6930bef580806a
      size: 5928464
    params:
      params.yaml:
        raw_data: data/recoveries.csv
    outs:
    - path: status.json
      hash: md5
      md5: 36af0d9ed1dfa8f1305522a7ae9b6a1a
      size: 53
  upload:
    cmd: mirrorverse_upload -t cwt_recoveries -f cwt_recoveries.csv -o status.json
    deps:
    - path: ../../../mirrorverse/warehouse/commands.py
      hash: md5
      md5: eb56b3dd1d4a8248cbadf25ca7e16c36
      size: 2950
    - path: ../../../mirrorverse/warehouse/models/facts.py
      hash: md5
      md5: 2240bb51cb875ab765d6b751a2ce877c
      size: 1138
    - path: ../../../mirrorverse/warehouse/utils.py
      hash: md5
      md5: f9578063005fd9df9f998a720cbc9339
      size: 811
    - path: cwt_recoveries.csv
      hash: md5
      md5: 582e2be9b4417ea5b259c3da8a066e60
      size: 1822188
    outs:
    - path: status.json
      hash: md5
      md5: 0244ae4fd416441d016e82dcd55e57f3
      size: 53
  enumerate_missing_dimensions:
    cmd: mirrorverse_enumerate_missing_dimensions -t cwt_recoveries -o missing_dimensions.json
    deps:
    - path: ../../../mirrorverse/warehouse/etls/missing_dimensions.py
      hash: md5
      md5: f82e34e78b31ace1c8fcf5109bad3176
      size: 4059
    - path: ../../../mirrorverse/warehouse/models/dimensions.py
      hash: md5
      md5: 1ab2945f036aaa022bf15eab9cda9777
      size: 1724
    - path: ../../../mirrorverse/warehouse/models/facts.py
      hash: md5
      md5: 2240bb51cb875ab765d6b751a2ce877c
      size: 1138
    - path: ../../../mirrorverse/warehouse/utils.py
      hash: md5
      md5: f9578063005fd9df9f998a720cbc9339
      size: 811
    - path: status.json
      hash: md5
      md5: 36af0d9ed1dfa8f1305522a7ae9b6a1a
      size: 53
    outs:
    - path: missing_dimensions.json
      hash: md5
      md5: 6e38febdf8050bcc9db13c7cb50efa03
      size: 28223
